// !$*UTF8*$!
{
	archiveVersion = 1;
	classes = {
	};
	objectVersion = 50;
	objects = {

/* Begin PBXBuildFile section */
		7465DD6E25D2ADA9000D33E4 /* FriendDetailView.swift in Sources */ = {isa = PBXBuildFile; fileRef = 7465DD6D25D2ADA9000D33E4 /* FriendDetailView.swift */; };
		7465DD7225D2B23F000D33E4 /* FriendListView.swift in Sources */ = {isa = PBXBuildFile; fileRef = 7465DD7125D2B23F000D33E4 /* FriendListView.swift */; };
		74FFA26825D1152F007A8197 /* AppDelegate.swift in Sources */ = {isa = PBXBuildFile; fileRef = 74FFA26725D1152F007A8197 /* AppDelegate.swift */; };
		74FFA26A25D1152F007A8197 /* SceneDelegate.swift in Sources */ = {isa = PBXBuildFile; fileRef = 74FFA26925D1152F007A8197 /* SceneDelegate.swift */; };
		74FFA26C25D1152F007A8197 /* ContentView.swift in Sources */ = {isa = PBXBuildFile; fileRef = 74FFA26B25D1152F007A8197 /* ContentView.swift */; };
		74FFA26F25D1152F007A8197 /* FriendFace.xcdatamodeld in Sources */ = {isa = PBXBuildFile; fileRef = 74FFA26D25D1152F007A8197 /* FriendFace.xcdatamodeld */; };
		74FFA27125D11530007A8197 /* Assets.xcassets in Resources */ = {isa = PBXBuildFile; fileRef = 74FFA27025D11530007A8197 /* Assets.xcassets */; };
		74FFA27425D11530007A8197 /* Preview Assets.xcassets in Resources */ = {isa = PBXBuildFile; fileRef = 74FFA27325D11530007A8197 /* Preview Assets.xcassets */; };
		74FFA27725D11530007A8197 /* LaunchScreen.storyboard in Resources */ = {isa = PBXBuildFile; fileRef = 74FFA27525D11530007A8197 /* LaunchScreen.storyboard */; };
		74FFA28025D11562007A8197 /* Friend.swift in Sources */ = {isa = PBXBuildFile; fileRef = 74FFA27F25D11562007A8197 /* Friend.swift */; };
		74FFA28325D115AF007A8197 /* User.swift in Sources */ = {isa = PBXBuildFile; fileRef = 74FFA28225D115AF007A8197 /* User.swift */; };
		74FFA28B25D17C6E007A8197 /* UserAvatar.swift in Sources */ = {isa = PBXBuildFile; fileRef = 74FFA28A25D17C6E007A8197 /* UserAvatar.swift */; };
		74FFA28E25D1896B007A8197 /* UserListView.swift in Sources */ = {isa = PBXBuildFile; fileRef = 74FFA28D25D1896B007A8197 /* UserListView.swift */; };
		74FFA29325D19789007A8197 /* UserDetailView.swift in Sources */ = {isa = PBXBuildFile; fileRef = 74FFA29225D19789007A8197 /* UserDetailView.swift */; };
/* End PBXBuildFile section */

/* Begin PBXFileReference section */
		7465DD6D25D2ADA9000D33E4 /* FriendDetailView.swift */ = {isa = PBXFileReference; lastKnownFileType = sourcecode.swift; path = FriendDetailView.swift; sourceTree = "<group>"; };
		7465DD7125D2B23F000D33E4 /* FriendListView.swift */ = {isa = PBXFileReference; lastKnownFileType = sourcecode.swift; path = FriendListView.swift; sourceTree = "<group>"; };
		74FFA26425D1152F007A8197 /* FriendFace.app */ = {isa = PBXFileReference; explicitFileType = wrapper.application; includeInIndex = 0; path = FriendFace.app; sourceTree = BUILT_PRODUCTS_DIR; };
		74FFA26725D1152F007A8197 /* AppDelegate.swift */ = {isa = PBXFileReference; lastKnownFileType = sourcecode.swift; path = AppDelegate.swift; sourceTree = "<group>"; };
		74FFA26925D1152F007A8197 /* SceneDelegate.swift */ = {isa = PBXFileReference; lastKnownFileType = sourcecode.swift; path = SceneDelegate.swift; sourceTree = "<group>"; };
		74FFA26B25D1152F007A8197 /* ContentView.swift */ = {isa = PBXFileReference; lastKnownFileType = sourcecode.swift; path = ContentView.swift; sourceTree = "<group>"; };
		74FFA26E25D1152F007A8197 /* FriendFace.xcdatamodel */ = {isa = PBXFileReference; lastKnownFileType = wrapper.xcdatamodel; path = FriendFace.xcdatamodel; sourceTree = "<group>"; };
		74FFA27025D11530007A8197 /* Assets.xcassets */ = {isa = PBXFileReference; lastKnownFileType = folder.assetcatalog; path = Assets.xcassets; sourceTree = "<group>"; };
		74FFA27325D11530007A8197 /* Preview Assets.xcassets */ = {isa = PBXFileReference; lastKnownFileType = folder.assetcatalog; path = "Preview Assets.xcassets"; sourceTree = "<group>"; };
		74FFA27625D11530007A8197 /* Base */ = {isa = PBXFileReference; lastKnownFileType = file.storyboard; name = Base; path = Base.lproj/LaunchScreen.storyboard; sourceTree = "<group>"; };
		74FFA27825D11530007A8197 /* Info.plist */ = {isa = PBXFileReference; lastKnownFileType = text.plist.xml; path = Info.plist; sourceTree = "<group>"; };
		74FFA27F25D11562007A8197 /* Friend.swift */ = {isa = PBXFileReference; lastKnownFileType = sourcecode.swift; path = Friend.swift; sourceTree = "<group>"; };
		74FFA28225D115AF007A8197 /* User.swift */ = {isa = PBXFileReference; lastKnownFileType = sourcecode.swift; path = User.swift; sourceTree = "<group>"; };
		74FFA28A25D17C6E007A8197 /* UserAvatar.swift */ = {isa = PBXFileReference; lastKnownFileType = sourcecode.swift; path = UserAvatar.swift; sourceTree = "<group>"; };
		74FFA28D25D1896B007A8197 /* UserListView.swift */ = {isa = PBXFileReference; lastKnownFileType = sourcecode.swift; path = UserListView.swift; sourceTree = "<group>"; };
		74FFA29225D19789007A8197 /* UserDetailView.swift */ = {isa = PBXFileReference; lastKnownFileType = sourcecode.swift; path = UserDetailView.swift; sourceTree = "<group>"; };
/* End PBXFileReference section */

/* Begin PBXFrameworksBuildPhase section */
		74FFA26125D1152F007A8197 /* Frameworks */ = {
			isa = PBXFrameworksBuildPhase;
			buildActionMask = 2147483647;
			files = (
			);
			runOnlyForDeploymentPostprocessing = 0;
		};
/* End PBXFrameworksBuildPhase section */

/* Begin PBXGroup section */
		746F9EF525D242550092C191 /* Views */ = {
			isa = PBXGroup;
			children = (
				74FFA26B25D1152F007A8197 /* ContentView.swift */,
				74FFA28A25D17C6E007A8197 /* UserAvatar.swift */,
				74FFA28D25D1896B007A8197 /* UserListView.swift */,
				7465DD7125D2B23F000D33E4 /* FriendListView.swift */,
				74FFA29225D19789007A8197 /* UserDetailView.swift */,
				7465DD6D25D2ADA9000D33E4 /* FriendDetailView.swift */,
			);
			path = Views;
			sourceTree = "<group>";
		};
		746F9EF625D2426B0092C191 /* Model */ = {
			isa = PBXGroup;
			children = (
				74FFA28225D115AF007A8197 /* User.swift */,
				74FFA27F25D11562007A8197 /* Friend.swift */,
			);
			path = Model;
			sourceTree = "<group>";
		};
		74FFA25B25D1152E007A8197 = {
			isa = PBXGroup;
			children = (
				74FFA26625D1152F007A8197 /* FriendFace */,
				74FFA26525D1152F007A8197 /* Products */,
			);
			sourceTree = "<group>";
		};
		74FFA26525D1152F007A8197 /* Products */ = {
			isa = PBXGroup;
			children = (
				74FFA26425D1152F007A8197 /* FriendFace.app */,
			);
			name = Products;
			sourceTree = "<group>";
		};
		74FFA26625D1152F007A8197 /* FriendFace */ = {
			isa = PBXGroup;
			children = (
				74FFA26725D1152F007A8197 /* AppDelegate.swift */,
				74FFA26925D1152F007A8197 /* SceneDelegate.swift */,
				746F9EF525D242550092C191 /* Views */,
				746F9EF625D2426B0092C191 /* Model */,
				74FFA27025D11530007A8197 /* Assets.xcassets */,
				74FFA27525D11530007A8197 /* LaunchScreen.storyboard */,
				74FFA27825D11530007A8197 /* Info.plist */,
				74FFA26D25D1152F007A8197 /* FriendFace.xcdatamodeld */,
				74FFA27225D11530007A8197 /* Preview Content */,
			);
			path = FriendFace;
			sourceTree = "<group>";
		};
		74FFA27225D11530007A8197 /* Preview Content */ = {
			isa = PBXGroup;
			children = (
				74FFA27325D11530007A8197 /* Preview Assets.xcassets */,
			);
			path = "Preview Content";
			sourceTree = "<group>";
		};
/* End PBXGroup section */

/* Begin PBXNativeTarget section */
		74FFA26325D1152F007A8197 /* FriendFace */ = {
			isa = PBXNativeTarget;
			buildConfigurationList = 74FFA27B25D11530007A8197 /* Build configuration list for PBXNativeTarget "FriendFace" */;
			buildPhases = (
				74FFA26025D1152F007A8197 /* Sources */,
				74FFA26125D1152F007A8197 /* Frameworks */,
				74FFA26225D1152F007A8197 /* Resources */,
			);
			buildRules = (
			);
			dependencies = (
			);
			name = FriendFace;
			productName = FriendFace;
			productReference = 74FFA26425D1152F007A8197 /* FriendFace.app */;
			productType = "com.apple.product-type.application";
		};
/* End PBXNativeTarget section */

/* Begin PBXProject section */
		74FFA25C25D1152E007A8197 /* Project object */ = {
			isa = PBXProject;
			attributes = {
				LastSwiftUpdateCheck = 1240;
				LastUpgradeCheck = 1240;
				TargetAttributes = {
					74FFA26325D1152F007A8197 = {
						CreatedOnToolsVersion = 12.4;
					};
				};
			};
			buildConfigurationList = 74FFA25F25D1152E007A8197 /* Build configuration list for PBXProject "FriendFace" */;
			compatibilityVersion = "Xcode 9.3";
			developmentRegion = en;
			hasScannedForEncodings = 0;
			knownRegions = (
				en,
				Base,
			);
			mainGroup = 74FFA25B25D1152E007A8197;
			productRefGroup = 74FFA26525D1152F007A8197 /* Products */;
			projectDirPath = "";
			projectRoot = "";
			targets = (
				74FFA26325D1152F007A8197 /* FriendFace */,
			);
		};
/* End PBXProject section */

/* Begin PBXResourcesBuildPhase section */
		74FFA26225D1152F007A8197 /* Resources */ = {
			isa = PBXResourcesBuildPhase;
			buildActionMask = 2147483647;
			files = (
				74FFA27725D11530007A8197 /* LaunchScreen.storyboard in Resources */,
				74FFA27425D11530007A8197 /* Preview Assets.xcassets in Resources */,
				74FFA27125D11530007A8197 /* Assets.xcassets in Resources */,
			);
			runOnlyForDeploymentPostprocessing = 0;
		};
/* End PBXResourcesBuildPhase section */

/* Begin PBXSourcesBuildPhase section */
		74FFA26025D1152F007A8197 /* Sources */ = {
			isa = PBXSourcesBuildPhase;
			buildActionMask = 2147483647;
			files = (
				74FFA26825D1152F007A8197 /* AppDelegate.swift in Sources */,
				74FFA26A25D1152F007A8197 /* SceneDelegate.swift in Sources */,
				74FFA28325D115AF007A8197 /* User.swift in Sources */,
				74FFA28E25D1896B007A8197 /* UserListView.swift in Sources */,
				74FFA29325D19789007A8197 /* UserDetailView.swift in Sources */,
				7465DD6E25D2ADA9000D33E4 /* FriendDetailView.swift in Sources */,
				74FFA28025D11562007A8197 /* Friend.swift in Sources */,
				74FFA26F25D1152F007A8197 /* FriendFace.xcdatamodeld in Sources */,
				7465DD7225D2B23F000D33E4 /* FriendListView.swift in Sources */,
				74FFA28B25D17C6E007A8197 /* UserAvatar.swift in Sources */,
				74FFA26C25D1152F007A8197 /* ContentView.swift in Sources */,
			);
			runOnlyForDeploymentPostprocessing = 0;
		};
/* End PBXSourcesBuildPhase section */

/* Begin PBXVariantGroup section */
		74FFA27525D11530007A8197 /* LaunchScreen.storyboard */ = {
			isa = PBXVariantGroup;
			children = (
				74FFA27625D11530007A8197 /* Base */,
			);
			name = LaunchScreen.storyboard;
			sourceTree = "<group>";
		};
/* End PBXVariantGroup section */

/* Begin XCBuildConfiguration section */
		74FFA27925D11530007A8197 /* Debug */ = {
			isa = XCBuildConfiguration;
			buildSettings = {
				ALWAYS_SEARCH_USER_PATHS = NO;
				CLANG_ANALYZER_NONNULL = YES;
				CLANG_ANALYZER_NUMBER_OBJECT_CONVERSION = YES_AGGRESSIVE;
				CLANG_CXX_LANGUAGE_STANDARD = "gnu++14";
				CLANG_CXX_LIBRARY = "libc++";
				CLANG_ENABLE_MODULES = YES;
				CLANG_ENABLE_OBJC_ARC = YES;
				CLANG_ENABLE_OBJC_WEAK = YES;
				CLANG_WARN_BLOCK_CAPTURE_AUTORELEASING = YES;
				CLANG_WARN_BOOL_CONVERSION = YES;
				CLANG_WARN_COMMA = YES;
				CLANG_WARN_CONSTANT_CONVERSION = YES;
				CLANG_WARN_DEPRECATED_OBJC_IMPLEMENTATIONS = YES;
				CLANG_WARN_DIRECT_OBJC_ISA_USAGE = YES_ERROR;
				CLANG_WARN_DOCUMENTATION_COMMENTS = YES;
				CLANG_WARN_EMPTY_BODY = YES;
				CLANG_WARN_ENUM_CONVERSION = YES;
				CLANG_WARN_INFINITE_RECURSION = YES;
				CLANG_WARN_INT_CONVERSION = YES;
				CLANG_WARN_NON_LITERAL_NULL_CONVERSION = YES;
				CLANG_WARN_OBJC_IMPLICIT_RETAIN_SELF = YES;
				CLANG_WARN_OBJC_LITERAL_CONVERSION = YES;
				CLANG_WARN_OBJC_ROOT_CLASS = YES_ERROR;
				CLANG_WARN_QUOTED_INCLUDE_IN_FRAMEWORK_HEADER = YES;
				CLANG_WARN_RANGE_LOOP_ANALYSIS = YES;
				CLANG_WARN_STRICT_PROTOTYPES = YES;
				CLANG_WARN_SUSPICIOUS_MOVE = YES;
				CLANG_WARN_UNGUARDED_AVAILABILITY = YES_AGGRESSIVE;
				CLANG_WARN_UNREACHABLE_CODE = YES;
				CLANG_WARN__DUPLICATE_METHOD_MATCH = YES;
				COPY_PHASE_STRIP = NO;
				DEBUG_INFORMATION_FORMAT = dwarf;
				ENABLE_STRICT_OBJC_MSGSEND = YES;
				ENABLE_TESTABILITY = YES;
				GCC_C_LANGUAGE_STANDARD = gnu11;
				GCC_DYNAMIC_NO_PIC = NO;
				GCC_NO_COMMON_BLOCKS = YES;
				GCC_OPTIMIZATION_LEVEL = 0;
				GCC_PREPROCESSOR_DEFINITIONS = (
					"DEBUG=1",
					"$(inherited)",
				);
				GCC_WARN_64_TO_32_BIT_CONVERSION = YES;
				GCC_WARN_ABOUT_RETURN_TYPE = YES_ERROR;
				GCC_WARN_UNDECLARED_SELECTOR = YES;
				GCC_WARN_UNINITIALIZED_AUTOS = YES_AGGRESSIVE;
				GCC_WARN_UNUSED_FUNCTION = YES;
				GCC_WARN_UNUSED_VARIABLE = YES;
				IPHONEOS_DEPLOYMENT_TARGET = 14.4;
				MTL_ENABLE_DEBUG_INFO = INCLUDE_SOURCE;
				MTL_FAST_MATH = YES;
				ONLY_ACTIVE_ARCH = YES;
				SDKROOT = iphoneos;
				SWIFT_ACTIVE_COMPILATION_CONDITIONS = DEBUG;
				SWIFT_OPTIMIZATION_LEVEL = "-Onone";
			};
			name = Debug;
		};
		74FFA27A25D11530007A8197 /* Release */ = {
			isa = XCBuildConfiguration;
			buildSettings = {
				ALWAYS_SEARCH_USER_PATHS = NO;
				CLANG_ANALYZER_NONNULL = YES;
				CLANG_ANALYZER_NUMBER_OBJECT_CONVERSION = YES_AGGRESSIVE;
				CLANG_CXX_LANGUAGE_STANDARD = "gnu++14";
				CLANG_CXX_LIBRARY = "libc++";
				CLANG_ENABLE_MODULES = YES;
				CLANG_ENABLE_OBJC_ARC = YES;
				CLANG_ENABLE_OBJC_WEAK = YES;
				CLANG_WARN_BLOCK_CAPTURE_AUTORELEASING = YES;
				CLANG_WARN_BOOL_CONVERSION = YES;
				CLANG_WARN_COMMA = YES;
				CLANG_WARN_CONSTANT_CONVERSION = YES;
				CLANG_WARN_DEPRECATED_OBJC_IMPLEMENTATIONS = YES;
				CLANG_WARN_DIRECT_OBJC_ISA_USAGE = YES_ERROR;
				CLANG_WARN_DOCUMENTATION_COMMENTS = YES;
				CLANG_WARN_EMPTY_BODY = YES;
				CLANG_WARN_ENUM_CONVERSION = YES;
				CLANG_WARN_INFINITE_RECURSION = YES;
				CLANG_WARN_INT_CONVERSION = YES;
				CLANG_WARN_NON_LITERAL_NULL_CONVERSION = YES;
				CLANG_WARN_OBJC_IMPLICIT_RETAIN_SELF = YES;
				CLANG_WARN_OBJC_LITERAL_CONVERSION = YES;
				CLANG_WARN_OBJC_ROOT_CLASS = YES_ERROR;
				CLANG_WARN_QUOTED_INCLUDE_IN_FRAMEWORK_HEADER = YES;
				CLANG_WARN_RANGE_LOOP_ANALYSIS = YES;
				CLANG_WARN_STRICT_PROTOTYPES = YES;
				CLANG_WARN_SUSPICIOUS_MOVE = YES;
				CLANG_WARN_UNGUARDED_AVAILABILITY = YES_AGGRESSIVE;
				CLANG_WARN_UNREACHABLE_CODE = YES;
				CLANG_WARN__DUPLICATE_METHOD_MATCH = YES;
				COPY_PHASE_STRIP = NO;
				DEBUG_INFORMATION_FORMAT = "dwarf-with-dsym";
				ENABLE_NS_ASSERTIONS = NO;
				ENABLE_STRICT_OBJC_MSGSEND = YES;
				GCC_C_LANGUAGE_STANDARD = gnu11;
				GCC_NO_COMMON_BLOCKS = YES;
				GCC_WARN_64_TO_32_BIT_CONVERSION = YES;
				GCC_WARN_ABOUT_RETURN_TYPE = YES_ERROR;
				GCC_WARN_UNDECLARED_SELECTOR = YES;
				GCC_WARN_UNINITIALIZED_AUTOS = YES_AGGRESSIVE;
				GCC_WARN_UNUSED_FUNCTION = YES;
				GCC_WARN_UNUSED_VARIABLE = YES;
				IPHONEOS_DEPLOYMENT_TARGET = 14.4;
				MTL_ENABLE_DEBUG_INFO = NO;
				MTL_FAST_MATH = YES;
				SDKROOT = iphoneos;
				SWIFT_COMPILATION_MODE = wholemodule;
				SWIFT_OPTIMIZATION_LEVEL = "-O";
				VALIDATE_PRODUCT = YES;
			};
			name = Release;
		};
		74FFA27C25D11530007A8197 /* Debug */ = {
			isa = XCBuildConfiguration;
			buildSettings = {
				ASSETCATALOG_COMPILER_APPICON_NAME = AppIcon;
				ASSETCATALOG_COMPILER_GLOBAL_ACCENT_COLOR_NAME = AccentColor;
				CODE_SIGN_STYLE = Automatic;
				DEVELOPMENT_ASSET_PATHS = "\"FriendFace/Preview Content\"";
				DEVELOPMENT_TEAM = S8M9TN9MSN;
				ENABLE_PREVIEWS = YES;
				INFOPLIST_FILE = FriendFace/Info.plist;
				LD_RUNPATH_SEARCH_PATHS = (
					"$(inherited)",
					"@executable_path/Frameworks",
				);
				PRODUCT_BUNDLE_IDENTIFIER = com.punkshome.FriendFace;
				PRODUCT_NAME = "$(TARGET_NAME)";
				SWIFT_VERSION = 5.0;
				TARGETED_DEVICE_FAMILY = "1,2";
			};
			name = Debug;
		};
		74FFA27D25D11530007A8197 /* Release */ = {
			isa = XCBuildConfiguration;
			buildSettings = {
				ASSETCATALOG_COMPILER_APPICON_NAME = AppIcon;
				ASSETCATALOG_COMPILER_GLOBAL_ACCENT_COLOR_NAME = AccentColor;
				CODE_SIGN_STYLE = Automatic;
				DEVELOPMENT_ASSET_PATHS = "\"FriendFace/Preview Content\"";
				DEVELOPMENT_TEAM = S8M9TN9MSN;
				ENABLE_PREVIEWS = YES;
				INFOPLIST_FILE = FriendFace/Info.plist;
				LD_RUNPATH_SEARCH_PATHS = (
					"$(inherited)",
					"@executable_path/Frameworks",
				);
				PRODUCT_BUNDLE_IDENTIFIER = com.punkshome.FriendFace;
				PRODUCT_NAME = "$(TARGET_NAME)";
				SWIFT_VERSION = 5.0;
				TARGETED_DEVICE_FAMILY = "1,2";
			};
			name = Release;
		};
/* End XCBuildConfiguration section */

/* Begin XCConfigurationList section */
		74FFA25F25D1152E007A8197 /* Build configuration list for PBXProject "FriendFace" */ = {
			isa = XCConfigurationList;
			buildConfigurations = (
				74FFA27925D11530007A8197 /* Debug */,
				74FFA27A25D11530007A8197 /* Release */,
			);
			defaultConfigurationIsVisible = 0;
			defaultConfigurationName = Release;
		};
		74FFA27B25D11530007A8197 /* Build configuration list for PBXNativeTarget "FriendFace" */ = {
			isa = XCConfigurationList;
			buildConfigurations = (
				74FFA27C25D11530007A8197 /* Debug */,
				74FFA27D25D11530007A8197 /* Release */,
			);
			defaultConfigurationIsVisible = 0;
			defaultConfigurationName = Release;
		};
/* End XCConfigurationList section */

/* Begin XCVersionGroup section */
		74FFA26D25D1152F007A8197 /* FriendFace.xcdatamodeld */ = {
			isa = XCVersionGroup;
			children = (
				74FFA26E25D1152F007A8197 /* FriendFace.xcdatamodel */,
			);
			currentVersion = 74FFA26E25D1152F007A8197 /* FriendFace.xcdatamodel */;
			path = FriendFace.xcdatamodeld;
			sourceTree = "<group>";
			versionGroupType = wrapper.xcdatamodel;
		};
/* End XCVersionGroup section */
	};
	rootObject = 74FFA25C25D1152E007A8197 /* Project object */;
}
